
Microsoft Visual Studio Solution File, Format Version 12.00
# Visual Studio Version 17
VisualStudioVersion = 17.8.34330.188
MinimumVisualStudioVersion = 10.0.40219.1
Project("{FAE04EC0-301F-11D3-BF4B-00C04F79EFBC}") = "DO6OnNetFramework48", "DO6OnNetFramework48\DO6OnNetFramework48.csproj", "{0CAFE12D-2A49-489B-9031-44FF31001BFF}"
EndProject
Project("{2150E333-8FDC-42A3-9474-1A3956D46DE8}") = "DO6Cases", "DO6Cases", "{88FFAF10-FA7D-4674-9695-043920FAF61A}"
EndProject
Project("{2150E333-8FDC-42A3-9474-1A3956D46DE8}") = "DO7Cases", "DO7Cases", "{1293C0DE-60D1-4904-BD49-988353AC9257}"
EndProject
Project("{2150E333-8FDC-42A3-9474-1A3956D46DE8}") = "DO71Cases", "DO71Cases", "{C56CC7D3-1BBB-47EA-A4BF-A7FF460171C4}"
EndProject
Project("{FAE04EC0-301F-11D3-BF4B-00C04F79EFBC}") = "NetFramework48Model", "NetFramework48Model\NetFramework48Model.csproj", "{5546C40B-6133-48C8-87CA-1A717E28E04F}"
EndProject
Project("{FAE04EC0-301F-11D3-BF4B-00C04F79EFBC}") = "NetFramework472Model", "NetFramework472Model\NetFramework472Model.csproj", "{2E3BF5CD-FB86-41F0-A29A-B017D453912E}"
EndProject
Project("{FAE04EC0-301F-11D3-BF4B-00C04F79EFBC}") = "NetFramework471Model", "NetFramework471Model\NetFramework471Model.csproj", "{721691AD-5A39-4391-AF89-1A5268D48A10}"
EndProject
Project("{FAE04EC0-301F-11D3-BF4B-00C04F79EFBC}") = "NetFramework47Model", "NetFramwork47Model\NetFramework47Model.csproj", "{1C2B74D6-DDA1-441C-9489-0E7C3A6E01AB}"
EndProject
Project("{FAE04EC0-301F-11D3-BF4B-00C04F79EFBC}") = "DO6OnNetFramework472", "DO6OnNetFramework472\DO6OnNetFramework472.csproj", "{A04A30A2-6BE2-4BB5-89B0-1098FE2E4449}"
EndProject
Project("{FAE04EC0-301F-11D3-BF4B-00C04F79EFBC}") = "DO6OnNetFramework471", "DO6OnNetFramework471\DO6OnNetFramework471.csproj", "{F07BD816-A156-473B-A893-BA00CF0E9508}"
EndProject
Project("{FAE04EC0-301F-11D3-BF4B-00C04F79EFBC}") = "DO6OnNetFramework47", "DO6OnNetFramework47\DO6OnNetFramework47.csproj", "{E2170AED-AF72-4A28-9617-EBAE53ECC512}"
EndProject
Project("{9A19103F-16F7-4668-BE54-9A1E7A4F7556}") = "DO6OnCoreApp", "DO6OnCoreApp\DO6OnCoreApp.csproj", "{681AC12B-2A72-4574-890F-F47AA0D30164}"
EndProject
Project("{9A19103F-16F7-4668-BE54-9A1E7A4F7556}") = "DO6NetStandardModel", "NetStandardModel\DO6NetStandardModel.csproj", "{2E6DCFB2-B9B0-48A7-A8F2-269E90631973}"
EndProject
Project("{9A19103F-16F7-4668-BE54-9A1E7A4F7556}") = "DO6Net5Model", "DO6Net5Model\DO6Net5Model.csproj", "{F6118B0D-296F-4A94-A496-3CC0B5CD5E3C}"
EndProject
Project("{9A19103F-16F7-4668-BE54-9A1E7A4F7556}") = "DO6Net6Model", "DO6Net6Model\DO6Net6Model.csproj", "{077693A3-14E3-48AA-84EF-EA1CBC7D02CE}"
EndProject
Project("{9A19103F-16F7-4668-BE54-9A1E7A4F7556}") = "DO6Net7Model", "DO6Net7Model\DO6Net7Model.csproj", "{5BA83468-73F0-4474-AE28-B0013DFDC4AE}"
EndProject
Project("{9A19103F-16F7-4668-BE54-9A1E7A4F7556}") = "DO6Net8Model", "DO6Net8Model\DO6Net8Model.csproj", "{B0C0D05E-73D8-42B5-9CB6-F629ED31F6AB}"
EndProject
Project("{2150E333-8FDC-42A3-9474-1A3956D46DE8}") = "Models", "Models", "{C7B4DAF3-CDFE-4E64-9565-A91F88D3D22B}"
EndProject
Project("{9A19103F-16F7-4668-BE54-9A1E7A4F7556}") = "DO6OnNet5", "DO6OnNet5\DO6OnNet5.csproj", "{5C2C9EC6-B2BA-4E83-84EC-CF555160E9A8}"
EndProject
Project("{9A19103F-16F7-4668-BE54-9A1E7A4F7556}") = "DO6OnNet6", "DO6OnNet6\DO6OnNet6.csproj", "{A2B9FE18-B716-47A0-9CCE-E72FF6D3A30A}"
EndProject
Project("{9A19103F-16F7-4668-BE54-9A1E7A4F7556}") = "DO6OnNet7", "DO6OnNet7\DO6OnNet7.csproj", "{9A829ECF-9AAC-42A8-90B1-FFC0DDAEBD93}"
EndProject
Project("{9A19103F-16F7-4668-BE54-9A1E7A4F7556}") = "DO6OnNet8", "DO6OnNet8\DO6OnNet8.csproj", "{8E11055C-0813-4661-B281-DC7CA54A3210}"
EndProject
Project("{2150E333-8FDC-42A3-9474-1A3956D46DE8}") = "Models", "Models", "{C7B40167-BF04-4113-9D49-AD29533D1EFD}"
EndProject
Project("{9A19103F-16F7-4668-BE54-9A1E7A4F7556}") = "DO71Net5Model", "DO71Net5Model\DO71Net5Model.csproj", "{818F4114-C19E-4716-A5CD-554E205B628B}"
EndProject
Project("{9A19103F-16F7-4668-BE54-9A1E7A4F7556}") = "DO71Net6Model", "DO71Net6Model\DO71Net6Model.csproj", "{FCBF369D-8F6F-43B6-B095-E8CDBF7739BE}"
EndProject
Project("{9A19103F-16F7-4668-BE54-9A1E7A4F7556}") = "DO71Net7Model", "DO71Net7Model\DO71Net7Model.csproj", "{C238397B-803C-4380-80DE-62F9C95BD09E}"
EndProject
Project("{9A19103F-16F7-4668-BE54-9A1E7A4F7556}") = "DO71Net8Model", "DO71Net8Model\DO71Net8Model.csproj", "{114D31C4-F2AA-48B2-A33B-3EAE3996B32D}"
EndProject
Project("{2150E333-8FDC-42A3-9474-1A3956D46DE8}") = "Models", "Models", "{DCF72B01-F3E4-4D22-8A05-3B81912F0A9C}"
EndProject
Project("{9A19103F-16F7-4668-BE54-9A1E7A4F7556}") = "DO7NetCoreModel", "DO7NetCoreModel\DO7NetCoreModel.csproj", "{70306B31-5EC2-44E9-9C66-BCA8D945B2A1}"
EndProject
Project("{9A19103F-16F7-4668-BE54-9A1E7A4F7556}") = "DO71OnNet5", "DO71OnNet5\DO71OnNet5.csproj", "{7B61325E-B05E-46F8-80E4-2EF717B3738B}"
EndProject
Project("{9A19103F-16F7-4668-BE54-9A1E7A4F7556}") = "DO71OnNet6", "DO71OnNet6\DO71OnNet6.csproj", "{9228247D-7885-4A78-B50D-1AECCA918A89}"
EndProject
Project("{9A19103F-16F7-4668-BE54-9A1E7A4F7556}") = "DO71OnNet7", "DO71OnNet7\DO71OnNet7.csproj", "{4375E2E4-7FAC-490E-9C86-B74A8941DD46}"
EndProject
Project("{9A19103F-16F7-4668-BE54-9A1E7A4F7556}") = "DO71OnNet8", "DO71OnNet8\DO71OnNet8.csproj", "{8E97D7BF-5022-4513-B209-AEC7B275BB31}"
EndProject
Project("{9A19103F-16F7-4668-BE54-9A1E7A4F7556}") = "DO7Net5Model", "DO7Net5Model\DO7Net5Model.csproj", "{49EC0F60-48A1-49AF-B402-206DA7CCB4C8}"
EndProject
Project("{9A19103F-16F7-4668-BE54-9A1E7A4F7556}") = "DO7Net6Model", "DO7Net6Model\DO7Net6Model.csproj", "{CA57E919-2E5B-49B4-B568-9863AE41A3D1}"
EndProject
Project("{9A19103F-16F7-4668-BE54-9A1E7A4F7556}") = "DO7Net7Model", "DO7Net7Model\DO7Net7Model.csproj", "{1A4FC190-0958-499A-B3FA-4456D408F919}"
EndProject
Project("{9A19103F-16F7-4668-BE54-9A1E7A4F7556}") = "DO7Net8Model", "DO7Net8Model\DO7Net8Model.csproj", "{0A36CB4E-C733-414F-9AA1-7AAB73B93E2C}"
EndProject
Project("{9A19103F-16F7-4668-BE54-9A1E7A4F7556}") = "DO7OnNet5", "DO7OnNet5\DO7OnNet5.csproj", "{1E5910D9-D45D-4716-8301-CB8A08431FCC}"
EndProject
Project("{9A19103F-16F7-4668-BE54-9A1E7A4F7556}") = "DO7OnNet6", "DO7OnNet6\DO7OnNet6.csproj", "{E4040B91-5C75-4891-9654-326DFB69794D}"
EndProject
Project("{9A19103F-16F7-4668-BE54-9A1E7A4F7556}") = "DO7OnNet7", "DO7OnNet7\DO7OnNet7.csproj", "{95FF2806-472C-48FE-9C90-2CB6E1093EB5}"
EndProject
Project("{9A19103F-16F7-4668-BE54-9A1E7A4F7556}") = "DO7OnNetCore", "DO7OnNetCore\DO7OnNetCore.csproj", "{57B94422-617E-4ADF-83DD-4D488A131E14}"
EndProject
Project("{9A19103F-16F7-4668-BE54-9A1E7A4F7556}") = "DO7OnNet8", "DO7OnNet8\DO7OnNet8.csproj", "{C458D3EE-6D3B-4CF1-A482-6F7D8F6C9B2B}"
EndProject
Project("{9A19103F-16F7-4668-BE54-9A1E7A4F7556}") = "DO6OnCoreApp31", "DO6OnCoreApp31\DO6OnCoreApp31.csproj", "{7B27CC3E-59C0-4C55-A206-3BA2C6BE812F}"
EndProject
Project("{FAE04EC0-301F-11D3-BF4B-00C04F79EFBC}") = "Shared", "Shared\Shared.csproj", "{2346503D-7797-44C4-A47E-E34F8BB22CCE}"
EndProject
Global
	GlobalSection(SolutionConfigurationPlatforms) = preSolution
		Debug|Any CPU = Debug|Any CPU
		Release|Any CPU = Release|Any CPU
	EndGlobalSection
	GlobalSection(ProjectConfigurationPlatforms) = postSolution
		{0CAFE12D-2A49-489B-9031-44FF31001BFF}.Debug|Any CPU.ActiveCfg = Debug|Any CPU
		{0CAFE12D-2A49-489B-9031-44FF31001BFF}.Debug|Any CPU.Build.0 = Debug|Any CPU
		{0CAFE12D-2A49-489B-9031-44FF31001BFF}.Release|Any CPU.ActiveCfg = Release|Any CPU
		{0CAFE12D-2A49-489B-9031-44FF31001BFF}.Release|Any CPU.Build.0 = Release|Any CPU
		{5546C40B-6133-48C8-87CA-1A717E28E04F}.Debug|Any CPU.ActiveCfg = Debug|Any CPU
		{5546C40B-6133-48C8-87CA-1A717E28E04F}.Debug|Any CPU.Build.0 = Debug|Any CPU
		{5546C40B-6133-48C8-87CA-1A717E28E04F}.Release|Any CPU.ActiveCfg = Release|Any CPU
		{5546C40B-6133-48C8-87CA-1A717E28E04F}.Release|Any CPU.Build.0 = Release|Any CPU
		{2E3BF5CD-FB86-41F0-A29A-B017D453912E}.Debug|Any CPU.ActiveCfg = Debug|Any CPU
		{2E3BF5CD-FB86-41F0-A29A-B017D453912E}.Debug|Any CPU.Build.0 = Debug|Any CPU
		{2E3BF5CD-FB86-41F0-A29A-B017D453912E}.Release|Any CPU.ActiveCfg = Release|Any CPU
		{2E3BF5CD-FB86-41F0-A29A-B017D453912E}.Release|Any CPU.Build.0 = Release|Any CPU
		{721691AD-5A39-4391-AF89-1A5268D48A10}.Debug|Any CPU.ActiveCfg = Debug|Any CPU
		{721691AD-5A39-4391-AF89-1A5268D48A10}.Debug|Any CPU.Build.0 = Debug|Any CPU
		{721691AD-5A39-4391-AF89-1A5268D48A10}.Release|Any CPU.ActiveCfg = Release|Any CPU
		{721691AD-5A39-4391-AF89-1A5268D48A10}.Release|Any CPU.Build.0 = Release|Any CPU
		{1C2B74D6-DDA1-441C-9489-0E7C3A6E01AB}.Debug|Any CPU.ActiveCfg = Debug|Any CPU
		{1C2B74D6-DDA1-441C-9489-0E7C3A6E01AB}.Debug|Any CPU.Build.0 = Debug|Any CPU
		{1C2B74D6-DDA1-441C-9489-0E7C3A6E01AB}.Release|Any CPU.ActiveCfg = Release|Any CPU
		{1C2B74D6-DDA1-441C-9489-0E7C3A6E01AB}.Release|Any CPU.Build.0 = Release|Any CPU
		{A04A30A2-6BE2-4BB5-89B0-1098FE2E4449}.Debug|Any CPU.ActiveCfg = Debug|Any CPU
		{A04A30A2-6BE2-4BB5-89B0-1098FE2E4449}.Debug|Any CPU.Build.0 = Debug|Any CPU
		{A04A30A2-6BE2-4BB5-89B0-1098FE2E4449}.Release|Any CPU.ActiveCfg = Release|Any CPU
		{A04A30A2-6BE2-4BB5-89B0-1098FE2E4449}.Release|Any CPU.Build.0 = Release|Any CPU
		{F07BD816-A156-473B-A893-BA00CF0E9508}.Debug|Any CPU.ActiveCfg = Debug|Any CPU
		{F07BD816-A156-473B-A893-BA00CF0E9508}.Debug|Any CPU.Build.0 = Debug|Any CPU
		{F07BD816-A156-473B-A893-BA00CF0E9508}.Release|Any CPU.ActiveCfg = Release|Any CPU
		{F07BD816-A156-473B-A893-BA00CF0E9508}.Release|Any CPU.Build.0 = Release|Any CPU
		{E2170AED-AF72-4A28-9617-EBAE53ECC512}.Debug|Any CPU.ActiveCfg = Debug|Any CPU
		{E2170AED-AF72-4A28-9617-EBAE53ECC512}.Debug|Any CPU.Build.0 = Debug|Any CPU
		{E2170AED-AF72-4A28-9617-EBAE53ECC512}.Release|Any CPU.ActiveCfg = Release|Any CPU
		{E2170AED-AF72-4A28-9617-EBAE53ECC512}.Release|Any CPU.Build.0 = Release|Any CPU
		{681AC12B-2A72-4574-890F-F47AA0D30164}.Debug|Any CPU.ActiveCfg = Debug|Any CPU
		{681AC12B-2A72-4574-890F-F47AA0D30164}.Debug|Any CPU.Build.0 = Debug|Any CPU
		{681AC12B-2A72-4574-890F-F47AA0D30164}.Release|Any CPU.ActiveCfg = Release|Any CPU
		{681AC12B-2A72-4574-890F-F47AA0D30164}.Release|Any CPU.Build.0 = Release|Any CPU
		{2E6DCFB2-B9B0-48A7-A8F2-269E90631973}.Debug|Any CPU.ActiveCfg = Debug|Any CPU
		{2E6DCFB2-B9B0-48A7-A8F2-269E90631973}.Debug|Any CPU.Build.0 = Debug|Any CPU
		{2E6DCFB2-B9B0-48A7-A8F2-269E90631973}.Release|Any CPU.ActiveCfg = Release|Any CPU
		{2E6DCFB2-B9B0-48A7-A8F2-269E90631973}.Release|Any CPU.Build.0 = Release|Any CPU
		{F6118B0D-296F-4A94-A496-3CC0B5CD5E3C}.Debug|Any CPU.ActiveCfg = Debug|Any CPU
		{F6118B0D-296F-4A94-A496-3CC0B5CD5E3C}.Debug|Any CPU.Build.0 = Debug|Any CPU
		{F6118B0D-296F-4A94-A496-3CC0B5CD5E3C}.Release|Any CPU.ActiveCfg = Release|Any CPU
		{F6118B0D-296F-4A94-A496-3CC0B5CD5E3C}.Release|Any CPU.Build.0 = Release|Any CPU
		{077693A3-14E3-48AA-84EF-EA1CBC7D02CE}.Debug|Any CPU.ActiveCfg = Debug|Any CPU
		{077693A3-14E3-48AA-84EF-EA1CBC7D02CE}.Debug|Any CPU.Build.0 = Debug|Any CPU
		{077693A3-14E3-48AA-84EF-EA1CBC7D02CE}.Release|Any CPU.ActiveCfg = Release|Any CPU
		{077693A3-14E3-48AA-84EF-EA1CBC7D02CE}.Release|Any CPU.Build.0 = Release|Any CPU
		{5BA83468-73F0-4474-AE28-B0013DFDC4AE}.Debug|Any CPU.ActiveCfg = Debug|Any CPU
		{5BA83468-73F0-4474-AE28-B0013DFDC4AE}.Debug|Any CPU.Build.0 = Debug|Any CPU
		{5BA83468-73F0-4474-AE28-B0013DFDC4AE}.Release|Any CPU.ActiveCfg = Release|Any CPU
		{5BA83468-73F0-4474-AE28-B0013DFDC4AE}.Release|Any CPU.Build.0 = Release|Any CPU
		{B0C0D05E-73D8-42B5-9CB6-F629ED31F6AB}.Debug|Any CPU.ActiveCfg = Debug|Any CPU
		{B0C0D05E-73D8-42B5-9CB6-F629ED31F6AB}.Debug|Any CPU.Build.0 = Debug|Any CPU
		{B0C0D05E-73D8-42B5-9CB6-F629ED31F6AB}.Release|Any CPU.ActiveCfg = Release|Any CPU
		{B0C0D05E-73D8-42B5-9CB6-F629ED31F6AB}.Release|Any CPU.Build.0 = Release|Any CPU
		{5C2C9EC6-B2BA-4E83-84EC-CF555160E9A8}.Debug|Any CPU.ActiveCfg = Debug|Any CPU
		{5C2C9EC6-B2BA-4E83-84EC-CF555160E9A8}.Debug|Any CPU.Build.0 = Debug|Any CPU
		{5C2C9EC6-B2BA-4E83-84EC-CF555160E9A8}.Release|Any CPU.ActiveCfg = Release|Any CPU
		{5C2C9EC6-B2BA-4E83-84EC-CF555160E9A8}.Release|Any CPU.Build.0 = Release|Any CPU
		{A2B9FE18-B716-47A0-9CCE-E72FF6D3A30A}.Debug|Any CPU.ActiveCfg = Debug|Any CPU
		{A2B9FE18-B716-47A0-9CCE-E72FF6D3A30A}.Debug|Any CPU.Build.0 = Debug|Any CPU
		{A2B9FE18-B716-47A0-9CCE-E72FF6D3A30A}.Release|Any CPU.ActiveCfg = Release|Any CPU
		{A2B9FE18-B716-47A0-9CCE-E72FF6D3A30A}.Release|Any CPU.Build.0 = Release|Any CPU
		{9A829ECF-9AAC-42A8-90B1-FFC0DDAEBD93}.Debug|Any CPU.ActiveCfg = Debug|Any CPU
		{9A829ECF-9AAC-42A8-90B1-FFC0DDAEBD93}.Debug|Any CPU.Build.0 = Debug|Any CPU
		{9A829ECF-9AAC-42A8-90B1-FFC0DDAEBD93}.Release|Any CPU.ActiveCfg = Release|Any CPU
		{9A829ECF-9AAC-42A8-90B1-FFC0DDAEBD93}.Release|Any CPU.Build.0 = Release|Any CPU
		{8E11055C-0813-4661-B281-DC7CA54A3210}.Debug|Any CPU.ActiveCfg = Debug|Any CPU
		{8E11055C-0813-4661-B281-DC7CA54A3210}.Debug|Any CPU.Build.0 = Debug|Any CPU
		{8E11055C-0813-4661-B281-DC7CA54A3210}.Release|Any CPU.ActiveCfg = Release|Any CPU
		{8E11055C-0813-4661-B281-DC7CA54A3210}.Release|Any CPU.Build.0 = Release|Any CPU
		{818F4114-C19E-4716-A5CD-554E205B628B}.Debug|Any CPU.ActiveCfg = Debug|Any CPU
		{818F4114-C19E-4716-A5CD-554E205B628B}.Debug|Any CPU.Build.0 = Debug|Any CPU
		{818F4114-C19E-4716-A5CD-554E205B628B}.Release|Any CPU.ActiveCfg = Release|Any CPU
		{818F4114-C19E-4716-A5CD-554E205B628B}.Release|Any CPU.Build.0 = Release|Any CPU
		{FCBF369D-8F6F-43B6-B095-E8CDBF7739BE}.Debug|Any CPU.ActiveCfg = Debug|Any CPU
		{FCBF369D-8F6F-43B6-B095-E8CDBF7739BE}.Debug|Any CPU.Build.0 = Debug|Any CPU
		{FCBF369D-8F6F-43B6-B095-E8CDBF7739BE}.Release|Any CPU.ActiveCfg = Release|Any CPU
		{FCBF369D-8F6F-43B6-B095-E8CDBF7739BE}.Release|Any CPU.Build.0 = Release|Any CPU
		{C238397B-803C-4380-80DE-62F9C95BD09E}.Debug|Any CPU.ActiveCfg = Debug|Any CPU
		{C238397B-803C-4380-80DE-62F9C95BD09E}.Debug|Any CPU.Build.0 = Debug|Any CPU
		{C238397B-803C-4380-80DE-62F9C95BD09E}.Release|Any CPU.ActiveCfg = Release|Any CPU
		{C238397B-803C-4380-80DE-62F9C95BD09E}.Release|Any CPU.Build.0 = Release|Any CPU
		{114D31C4-F2AA-48B2-A33B-3EAE3996B32D}.Debug|Any CPU.ActiveCfg = Debug|Any CPU
		{114D31C4-F2AA-48B2-A33B-3EAE3996B32D}.Debug|Any CPU.Build.0 = Debug|Any CPU
		{114D31C4-F2AA-48B2-A33B-3EAE3996B32D}.Release|Any CPU.ActiveCfg = Release|Any CPU
		{114D31C4-F2AA-48B2-A33B-3EAE3996B32D}.Release|Any CPU.Build.0 = Release|Any CPU
		{70306B31-5EC2-44E9-9C66-BCA8D945B2A1}.Debug|Any CPU.ActiveCfg = Debug|Any CPU
		{70306B31-5EC2-44E9-9C66-BCA8D945B2A1}.Debug|Any CPU.Build.0 = Debug|Any CPU
		{70306B31-5EC2-44E9-9C66-BCA8D945B2A1}.Release|Any CPU.ActiveCfg = Release|Any CPU
		{70306B31-5EC2-44E9-9C66-BCA8D945B2A1}.Release|Any CPU.Build.0 = Release|Any CPU
		{7B61325E-B05E-46F8-80E4-2EF717B3738B}.Debug|Any CPU.ActiveCfg = Debug|Any CPU
		{7B61325E-B05E-46F8-80E4-2EF717B3738B}.Debug|Any CPU.Build.0 = Debug|Any CPU
		{7B61325E-B05E-46F8-80E4-2EF717B3738B}.Release|Any CPU.ActiveCfg = Release|Any CPU
		{7B61325E-B05E-46F8-80E4-2EF717B3738B}.Release|Any CPU.Build.0 = Release|Any CPU
		{9228247D-7885-4A78-B50D-1AECCA918A89}.Debug|Any CPU.ActiveCfg = Debug|Any CPU
		{9228247D-7885-4A78-B50D-1AECCA918A89}.Debug|Any CPU.Build.0 = Debug|Any CPU
		{9228247D-7885-4A78-B50D-1AECCA918A89}.Release|Any CPU.ActiveCfg = Release|Any CPU
		{9228247D-7885-4A78-B50D-1AECCA918A89}.Release|Any CPU.Build.0 = Release|Any CPU
		{4375E2E4-7FAC-490E-9C86-B74A8941DD46}.Debug|Any CPU.ActiveCfg = Debug|Any CPU
		{4375E2E4-7FAC-490E-9C86-B74A8941DD46}.Debug|Any CPU.Build.0 = Debug|Any CPU
		{4375E2E4-7FAC-490E-9C86-B74A8941DD46}.Release|Any CPU.ActiveCfg = Release|Any CPU
		{4375E2E4-7FAC-490E-9C86-B74A8941DD46}.Release|Any CPU.Build.0 = Release|Any CPU
		{8E97D7BF-5022-4513-B209-AEC7B275BB31}.Debug|Any CPU.ActiveCfg = Debug|Any CPU
		{8E97D7BF-5022-4513-B209-AEC7B275BB31}.Debug|Any CPU.Build.0 = Debug|Any CPU
		{8E97D7BF-5022-4513-B209-AEC7B275BB31}.Release|Any CPU.ActiveCfg = Release|Any CPU
		{8E97D7BF-5022-4513-B209-AEC7B275BB31}.Release|Any CPU.Build.0 = Release|Any CPU
		{49EC0F60-48A1-49AF-B402-206DA7CCB4C8}.Debug|Any CPU.ActiveCfg = Debug|Any CPU
		{49EC0F60-48A1-49AF-B402-206DA7CCB4C8}.Debug|Any CPU.Build.0 = Debug|Any CPU
		{49EC0F60-48A1-49AF-B402-206DA7CCB4C8}.Release|Any CPU.ActiveCfg = Release|Any CPU
		{49EC0F60-48A1-49AF-B402-206DA7CCB4C8}.Release|Any CPU.Build.0 = Release|Any CPU
		{CA57E919-2E5B-49B4-B568-9863AE41A3D1}.Debug|Any CPU.ActiveCfg = Debug|Any CPU
		{CA57E919-2E5B-49B4-B568-9863AE41A3D1}.Debug|Any CPU.Build.0 = Debug|Any CPU
		{CA57E919-2E5B-49B4-B568-9863AE41A3D1}.Release|Any CPU.ActiveCfg = Release|Any CPU
		{CA57E919-2E5B-49B4-B568-9863AE41A3D1}.Release|Any CPU.Build.0 = Release|Any CPU
		{1A4FC190-0958-499A-B3FA-4456D408F919}.Debug|Any CPU.ActiveCfg = Debug|Any CPU
		{1A4FC190-0958-499A-B3FA-4456D408F919}.Debug|Any CPU.Build.0 = Debug|Any CPU
		{1A4FC190-0958-499A-B3FA-4456D408F919}.Release|Any CPU.ActiveCfg = Release|Any CPU
		{1A4FC190-0958-499A-B3FA-4456D408F919}.Release|Any CPU.Build.0 = Release|Any CPU
		{0A36CB4E-C733-414F-9AA1-7AAB73B93E2C}.Debug|Any CPU.ActiveCfg = Debug|Any CPU
		{0A36CB4E-C733-414F-9AA1-7AAB73B93E2C}.Debug|Any CPU.Build.0 = Debug|Any CPU
		{0A36CB4E-C733-414F-9AA1-7AAB73B93E2C}.Release|Any CPU.ActiveCfg = Release|Any CPU
		{0A36CB4E-C733-414F-9AA1-7AAB73B93E2C}.Release|Any CPU.Build.0 = Release|Any CPU
		{1E5910D9-D45D-4716-8301-CB8A08431FCC}.Debug|Any CPU.ActiveCfg = Debug|Any CPU
		{1E5910D9-D45D-4716-8301-CB8A08431FCC}.Debug|Any CPU.Build.0 = Debug|Any CPU
		{1E5910D9-D45D-4716-8301-CB8A08431FCC}.Release|Any CPU.ActiveCfg = Release|Any CPU
		{1E5910D9-D45D-4716-8301-CB8A08431FCC}.Release|Any CPU.Build.0 = Release|Any CPU
		{E4040B91-5C75-4891-9654-326DFB69794D}.Debug|Any CPU.ActiveCfg = Debug|Any CPU
		{E4040B91-5C75-4891-9654-326DFB69794D}.Debug|Any CPU.Build.0 = Debug|Any CPU
		{E4040B91-5C75-4891-9654-326DFB69794D}.Release|Any CPU.ActiveCfg = Release|Any CPU
		{E4040B91-5C75-4891-9654-326DFB69794D}.Release|Any CPU.Build.0 = Release|Any CPU
		{95FF2806-472C-48FE-9C90-2CB6E1093EB5}.Debug|Any CPU.ActiveCfg = Debug|Any CPU
		{95FF2806-472C-48FE-9C90-2CB6E1093EB5}.Debug|Any CPU.Build.0 = Debug|Any CPU
		{95FF2806-472C-48FE-9C90-2CB6E1093EB5}.Release|Any CPU.ActiveCfg = Release|Any CPU
		{95FF2806-472C-48FE-9C90-2CB6E1093EB5}.Release|Any CPU.Build.0 = Release|Any CPU
		{57B94422-617E-4ADF-83DD-4D488A131E14}.Debug|Any CPU.ActiveCfg = Debug|Any CPU
		{57B94422-617E-4ADF-83DD-4D488A131E14}.Debug|Any CPU.Build.0 = Debug|Any CPU
		{57B94422-617E-4ADF-83DD-4D488A131E14}.Release|Any CPU.ActiveCfg = Release|Any CPU
		{57B94422-617E-4ADF-83DD-4D488A131E14}.Release|Any CPU.Build.0 = Release|Any CPU
		{C458D3EE-6D3B-4CF1-A482-6F7D8F6C9B2B}.Debug|Any CPU.ActiveCfg = Debug|Any CPU
		{C458D3EE-6D3B-4CF1-A482-6F7D8F6C9B2B}.Debug|Any CPU.Build.0 = Debug|Any CPU
		{C458D3EE-6D3B-4CF1-A482-6F7D8F6C9B2B}.Release|Any CPU.ActiveCfg = Release|Any CPU
		{C458D3EE-6D3B-4CF1-A482-6F7D8F6C9B2B}.Release|Any CPU.Build.0 = Release|Any CPU
		{7B27CC3E-59C0-4C55-A206-3BA2C6BE812F}.Debug|Any CPU.ActiveCfg = Debug|Any CPU
		{7B27CC3E-59C0-4C55-A206-3BA2C6BE812F}.Debug|Any CPU.Build.0 = Debug|Any CPU
		{7B27CC3E-59C0-4C55-A206-3BA2C6BE812F}.Release|Any CPU.ActiveCfg = Release|Any CPU
		{7B27CC3E-59C0-4C55-A206-3BA2C6BE812F}.Release|Any CPU.Build.0 = Release|Any CPU
		{2346503D-7797-44C4-A47E-E34F8BB22CCE}.Debug|Any CPU.ActiveCfg = Debug|Any CPU
		{2346503D-7797-44C4-A47E-E34F8BB22CCE}.Debug|Any CPU.Build.0 = Debug|Any CPU
		{2346503D-7797-44C4-A47E-E34F8BB22CCE}.Release|Any CPU.ActiveCfg = Release|Any CPU
		{2346503D-7797-44C4-A47E-E34F8BB22CCE}.Release|Any CPU.Build.0 = Release|Any CPU
	EndGlobalSection
	GlobalSection(SolutionProperties) = preSolution
		HideSolutionNode = FALSE
	EndGlobalSection
	GlobalSection(NestedProjects) = preSolution
		{0CAFE12D-2A49-489B-9031-44FF31001BFF} = {88FFAF10-FA7D-4674-9695-043920FAF61A}
		{5546C40B-6133-48C8-87CA-1A717E28E04F} = {C7B4DAF3-CDFE-4E64-9565-A91F88D3D22B}
		{2E3BF5CD-FB86-41F0-A29A-B017D453912E} = {C7B4DAF3-CDFE-4E64-9565-A91F88D3D22B}
		{721691AD-5A39-4391-AF89-1A5268D48A10} = {C7B4DAF3-CDFE-4E64-9565-A91F88D3D22B}
		{1C2B74D6-DDA1-441C-9489-0E7C3A6E01AB} = {C7B4DAF3-CDFE-4E64-9565-A91F88D3D22B}
		{A04A30A2-6BE2-4BB5-89B0-1098FE2E4449} = {88FFAF10-FA7D-4674-9695-043920FAF61A}
		{F07BD816-A156-473B-A893-BA00CF0E9508} = {88FFAF10-FA7D-4674-9695-043920FAF61A}
		{E2170AED-AF72-4A28-9617-EBAE53ECC512} = {88FFAF10-FA7D-4674-9695-043920FAF61A}
		{681AC12B-2A72-4574-890F-F47AA0D30164} = {88FFAF10-FA7D-4674-9695-043920FAF61A}
		{2E6DCFB2-B9B0-48A7-A8F2-269E90631973} = {C7B4DAF3-CDFE-4E64-9565-A91F88D3D22B}
		{F6118B0D-296F-4A94-A496-3CC0B5CD5E3C} = {C7B4DAF3-CDFE-4E64-9565-A91F88D3D22B}
		{077693A3-14E3-48AA-84EF-EA1CBC7D02CE} = {C7B4DAF3-CDFE-4E64-9565-A91F88D3D22B}
		{5BA83468-73F0-4474-AE28-B0013DFDC4AE} = {C7B4DAF3-CDFE-4E64-9565-A91F88D3D22B}
		{B0C0D05E-73D8-42B5-9CB6-F629ED31F6AB} = {C7B4DAF3-CDFE-4E64-9565-A91F88D3D22B}
		{C7B4DAF3-CDFE-4E64-9565-A91F88D3D22B} = {88FFAF10-FA7D-4674-9695-043920FAF61A}
		{5C2C9EC6-B2BA-4E83-84EC-CF555160E9A8} = {88FFAF10-FA7D-4674-9695-043920FAF61A}
		{A2B9FE18-B716-47A0-9CCE-E72FF6D3A30A} = {88FFAF10-FA7D-4674-9695-043920FAF61A}
		{9A829ECF-9AAC-42A8-90B1-FFC0DDAEBD93} = {88FFAF10-FA7D-4674-9695-043920FAF61A}
		{8E11055C-0813-4661-B281-DC7CA54A3210} = {88FFAF10-FA7D-4674-9695-043920FAF61A}
		{C7B40167-BF04-4113-9D49-AD29533D1EFD} = {C56CC7D3-1BBB-47EA-A4BF-A7FF460171C4}
		{818F4114-C19E-4716-A5CD-554E205B628B} = {C7B40167-BF04-4113-9D49-AD29533D1EFD}
		{FCBF369D-8F6F-43B6-B095-E8CDBF7739BE} = {C7B40167-BF04-4113-9D49-AD29533D1EFD}
		{C238397B-803C-4380-80DE-62F9C95BD09E} = {C7B40167-BF04-4113-9D49-AD29533D1EFD}
		{114D31C4-F2AA-48B2-A33B-3EAE3996B32D} = {C7B40167-BF04-4113-9D49-AD29533D1EFD}
		{DCF72B01-F3E4-4D22-8A05-3B81912F0A9C} = {1293C0DE-60D1-4904-BD49-988353AC9257}
		{70306B31-5EC2-44E9-9C66-BCA8D945B2A1} = {DCF72B01-F3E4-4D22-8A05-3B81912F0A9C}
		{7B61325E-B05E-46F8-80E4-2EF717B3738B} = {C56CC7D3-1BBB-47EA-A4BF-A7FF460171C4}
		{9228247D-7885-4A78-B50D-1AECCA918A89} = {C56CC7D3-1BBB-47EA-A4BF-A7FF460171C4}
		{4375E2E4-7FAC-490E-9C86-B74A8941DD46} = {C56CC7D3-1BBB-47EA-A4BF-A7FF460171C4}
		{8E97D7BF-5022-4513-B209-AEC7B275BB31} = {C56CC7D3-1BBB-47EA-A4BF-A7FF460171C4}
		{49EC0F60-48A1-49AF-B402-206DA7CCB4C8} = {DCF72B01-F3E4-4D22-8A05-3B81912F0A9C}
		{CA57E919-2E5B-49B4-B568-9863AE41A3D1} = {DCF72B01-F3E4-4D22-8A05-3B81912F0A9C}
		{1A4FC190-0958-499A-B3FA-4456D408F919} = {DCF72B01-F3E4-4D22-8A05-3B81912F0A9C}
		{0A36CB4E-C733-414F-9AA1-7AAB73B93E2C} = {DCF72B01-F3E4-4D22-8A05-3B81912F0A9C}
		{1E5910D9-D45D-4716-8301-CB8A08431FCC} = {1293C0DE-60D1-4904-BD49-988353AC9257}
		{E4040B91-5C75-4891-9654-326DFB69794D} = {1293C0DE-60D1-4904-BD49-988353AC9257}
		{95FF2806-472C-48FE-9C90-2CB6E1093EB5} = {1293C0DE-60D1-4904-BD49-988353AC9257}
		{57B94422-617E-4ADF-83DD-4D488A131E14} = {1293C0DE-60D1-4904-BD49-988353AC9257}
		{C458D3EE-6D3B-4CF1-A482-6F7D8F6C9B2B} = {1293C0DE-60D1-4904-BD49-988353AC9257}
		{7B27CC3E-59C0-4C55-A206-3BA2C6BE812F} = {88FFAF10-FA7D-4674-9695-043920FAF61A}
	EndGlobalSection
	GlobalSection(ExtensibilityGlobals) = postSolution
		SolutionGuid = {387FADBF-88A5-4DAE-B8D1-8AA93C416E99}
	EndGlobalSection
EndGlobal
